
Microsoft Visual Studio Solution File, Format Version 11.00
# Visual Studio 2010
Project("{FAE04EC0-301F-11D3-BF4B-00C04F79EFBC}") = "EMS", "EMS\EMS.csproj", "{046B4044-53F8-48EA-A05B-6481CD9E40AB}"
EndProject
Global
	GlobalSection(SolutionConfigurationPlatforms) = preSolution
		Debug|Any CPU = Debug|Any CPU
		Release|Any CPU = Release|Any CPU
	EndGlobalSection
	GlobalSection(ProjectConfigurationPlatforms) = postSolution
		{046B4044-53F8-48EA-A05B-6481CD9E40AB}.Debug|Any CPU.ActiveCfg = Debug|Any CPU
		{046B4044-53F8-48EA-A05B-6481CD9E40AB}.Debug|Any CPU.Build.0 = Debug|Any CPU
		{046B4044-53F8-48EA-A05B-6481CD9E40AB}.Release|Any CPU.ActiveCfg = Release|Any CPU
		{046B4044-53F8-48EA-A05B-6481CD9E40AB}.Release|Any CPU.Build.0 = Release|Any CPU
	EndGlobalSection
	GlobalSection(SolutionProperties) = preSolution
		HideSolutionNode = FALSE
	EndGlobalSection
EndGlobal
